
Microsoft Visual Studio Solution File, Format Version 12.00
# Visual Studio Version 16
VisualStudioVersion = 16.0.32602.291
MinimumVisualStudioVersion = 10.0.40219.1
Project("{FAE04EC0-301F-11D3-BF4B-00C04F79EFBC}") = "Task1_Triangle", "Task1\Task1_Triangle.csproj", "{70963C97-F3EF-4BA6-83D8-60EFD7EAAE58}"
EndProject
Project("{FAE04EC0-301F-11D3-BF4B-00C04F79EFBC}") = "Task2_Cube", "Task2_Cube\Task2_Cube.csproj", "{B8E9D333-0038-4B29-A19C-E2782A7C80BF}"
EndProject
Global
	GlobalSection(SolutionConfigurationPlatforms) = preSolution
		Debug|Any CPU = Debug|Any CPU
		Release|Any CPU = Release|Any CPU
	EndGlobalSection
	GlobalSection(ProjectConfigurationPlatforms) = postSolution
		{70963C97-F3EF-4BA6-83D8-60EFD7EAAE58}.Debug|Any CPU.ActiveCfg = Debug|Any CPU
		{70963C97-F3EF-4BA6-83D8-60EFD7EAAE58}.Debug|Any CPU.Build.0 = Debug|Any CPU
		{70963C97-F3EF-4BA6-83D8-60EFD7EAAE58}.Release|Any CPU.ActiveCfg = Release|Any CPU
		{70963C97-F3EF-4BA6-83D8-60EFD7EAAE58}.Release|Any CPU.Build.0 = Release|Any CPU
		{B8E9D333-0038-4B29-A19C-E2782A7C80BF}.Debug|Any CPU.ActiveCfg = Debug|Any CPU
		{B8E9D333-0038-4B29-A19C-E2782A7C80BF}.Debug|Any CPU.Build.0 = Debug|Any CPU
		{B8E9D333-0038-4B29-A19C-E2782A7C80BF}.Release|Any CPU.ActiveCfg = Release|Any CPU
		{B8E9D333-0038-4B29-A19C-E2782A7C80BF}.Release|Any CPU.Build.0 = Release|Any CPU
	EndGlobalSection
	GlobalSection(SolutionProperties) = preSolution
		HideSolutionNode = FALSE
	EndGlobalSection
	GlobalSection(ExtensibilityGlobals) = postSolution
		SolutionGuid = {2567F025-DB0B-4A0C-934A-76A9ECCD2D4D}
	EndGlobalSection
EndGlobal
